
Microsoft Visual Studio Solution File, Format Version 12.00
# Visual Studio Version 17
VisualStudioVersion = 17.10.35122.118
MinimumVisualStudioVersion = 10.0.40219.1
Project("{FAE04EC0-301F-11D3-BF4B-00C04F79EFBC}") = "ASRFLY", "ASRFLY\ASRFLY.csproj", "{561919BA-3F77-4932-9A54-EBB0989093D8}"
EndProject
Project("{FAE04EC0-301F-11D3-BF4B-00C04F79EFBC}") = "ASRFLY.Core", "ASRFLY.Core\ASRFLY.Core.csproj", "{73ADECAD-3B40-4E5E-9CD8-889FD88C805B}"
EndProject
Project("{FAE04EC0-301F-11D3-BF4B-00C04F79EFBC}") = "ASRFLY.Data", "ASRFLY.Data\ASRFLY.Data.csproj", "{A9C8FC48-CBD2-4AD3-9025-BA5C5B3ACD26}"
EndProject
Project("{FAE04EC0-301F-11D3-BF4B-00C04F79EFBC}") = "ASRFLY.Tests", "ASRFLY.Tests\ASRFLY.Tests.csproj", "{A41ED37F-6226-4A0D-8434-401F3E34E4AB}"
EndProject
Global
	GlobalSection(SolutionConfigurationPlatforms) = preSolution
		Debug|Any CPU = Debug|Any CPU
		Release|Any CPU = Release|Any CPU
	EndGlobalSection
	GlobalSection(ProjectConfigurationPlatforms) = postSolution
		{561919BA-3F77-4932-9A54-EBB0989093D8}.Debug|Any CPU.ActiveCfg = Debug|Any CPU
		{561919BA-3F77-4932-9A54-EBB0989093D8}.Debug|Any CPU.Build.0 = Debug|Any CPU
		{561919BA-3F77-4932-9A54-EBB0989093D8}.Release|Any CPU.ActiveCfg = Release|Any CPU
		{561919BA-3F77-4932-9A54-EBB0989093D8}.Release|Any CPU.Build.0 = Release|Any CPU
		{73ADECAD-3B40-4E5E-9CD8-889FD88C805B}.Debug|Any CPU.ActiveCfg = Debug|Any CPU
		{73ADECAD-3B40-4E5E-9CD8-889FD88C805B}.Debug|Any CPU.Build.0 = Debug|Any CPU
		{73ADECAD-3B40-4E5E-9CD8-889FD88C805B}.Release|Any CPU.ActiveCfg = Release|Any CPU
		{73ADECAD-3B40-4E5E-9CD8-889FD88C805B}.Release|Any CPU.Build.0 = Release|Any CPU
		{A9C8FC48-CBD2-4AD3-9025-BA5C5B3ACD26}.Debug|Any CPU.ActiveCfg = Debug|Any CPU
		{A9C8FC48-CBD2-4AD3-9025-BA5C5B3ACD26}.Debug|Any CPU.Build.0 = Debug|Any CPU
		{A9C8FC48-CBD2-4AD3-9025-BA5C5B3ACD26}.Release|Any CPU.ActiveCfg = Release|Any CPU
		{A9C8FC48-CBD2-4AD3-9025-BA5C5B3ACD26}.Release|Any CPU.Build.0 = Release|Any CPU
		{A41ED37F-6226-4A0D-8434-401F3E34E4AB}.Debug|Any CPU.ActiveCfg = Debug|Any CPU
		{A41ED37F-6226-4A0D-8434-401F3E34E4AB}.Debug|Any CPU.Build.0 = Debug|Any CPU
		{A41ED37F-6226-4A0D-8434-401F3E34E4AB}.Release|Any CPU.ActiveCfg = Release|Any CPU
		{A41ED37F-6226-4A0D-8434-401F3E34E4AB}.Release|Any CPU.Build.0 = Release|Any CPU
	EndGlobalSection
	GlobalSection(SolutionProperties) = preSolution
		HideSolutionNode = FALSE
	EndGlobalSection
	GlobalSection(ExtensibilityGlobals) = postSolution
		SolutionGuid = {71DDD94E-904D-46D0-931B-75D38BAC985E}
	EndGlobalSection
EndGlobal
